
Microsoft Visual Studio Solution File, Format Version 12.00
# Visual Studio Version 16
VisualStudioVersion = 16.0.32802.440
MinimumVisualStudioVersion = 10.0.40219.1
Project("{FAE04EC0-301F-11D3-BF4B-00C04F79EFBC}") = "SIBKMNetErika", "SIBKMNetErika\SIBKMNetErika.csproj", "{F4CFAC7E-2C40-49EF-BB4A-61DDC8B42A29}"
EndProject
Global
	GlobalSection(SolutionConfigurationPlatforms) = preSolution
		Debug|Any CPU = Debug|Any CPU
		Release|Any CPU = Release|Any CPU
	EndGlobalSection
	GlobalSection(ProjectConfigurationPlatforms) = postSolution
		{F4CFAC7E-2C40-49EF-BB4A-61DDC8B42A29}.Debug|Any CPU.ActiveCfg = Debug|Any CPU
		{F4CFAC7E-2C40-49EF-BB4A-61DDC8B42A29}.Debug|Any CPU.Build.0 = Debug|Any CPU
		{F4CFAC7E-2C40-49EF-BB4A-61DDC8B42A29}.Release|Any CPU.ActiveCfg = Release|Any CPU
		{F4CFAC7E-2C40-49EF-BB4A-61DDC8B42A29}.Release|Any CPU.Build.0 = Release|Any CPU
	EndGlobalSection
	GlobalSection(SolutionProperties) = preSolution
		HideSolutionNode = FALSE
	EndGlobalSection
	GlobalSection(ExtensibilityGlobals) = postSolution
		SolutionGuid = {58EC55C3-AB5B-4E2F-B77B-9EC3E3CF298E}
	EndGlobalSection
EndGlobal
